
Microsoft Visual Studio Solution File, Format Version 12.00
# Visual Studio 2012
Project("{FAE04EC0-301F-11D3-BF4B-00C04F79EFBC}") = "Xamarin_iOS", "Xamarin_iOS\Xamarin_iOS.csproj", "{8D478719-39F3-4F20-AABF-966AE8B47043}"
EndProject
Global
	GlobalSection(SolutionConfigurationPlatforms) = preSolution
		Debug|iPhoneSimulator = Debug|iPhoneSimulator
		Release|iPhone = Release|iPhone
		Release|iPhoneSimulator = Release|iPhoneSimulator
		Debug|iPhone = Debug|iPhone
	EndGlobalSection
	GlobalSection(ProjectConfigurationPlatforms) = postSolution
		{8D478719-39F3-4F20-AABF-966AE8B47043}.Debug|iPhone.ActiveCfg = Debug|iPhone
		{8D478719-39F3-4F20-AABF-966AE8B47043}.Debug|iPhone.Build.0 = Debug|iPhone
		{8D478719-39F3-4F20-AABF-966AE8B47043}.Debug|iPhoneSimulator.ActiveCfg = Debug|iPhoneSimulator
		{8D478719-39F3-4F20-AABF-966AE8B47043}.Debug|iPhoneSimulator.Build.0 = Debug|iPhoneSimulator
		{8D478719-39F3-4F20-AABF-966AE8B47043}.Release|iPhone.ActiveCfg = Release|iPhone
		{8D478719-39F3-4F20-AABF-966AE8B47043}.Release|iPhone.Build.0 = Release|iPhone
		{8D478719-39F3-4F20-AABF-966AE8B47043}.Release|iPhoneSimulator.ActiveCfg = Release|iPhoneSimulator
		{8D478719-39F3-4F20-AABF-966AE8B47043}.Release|iPhoneSimulator.Build.0 = Release|iPhoneSimulator
	EndGlobalSection
EndGlobal
